<Solution>
  <Folder Name="/backend/" />
  <Folder Name="/backend/src/">
    <Project Path="backend/src/Api/StudyCoach.BackendApi.csproj" />
    <Project Path="backend/src/AppHost/StudyCoach.AppHost.csproj" />
  </Folder>
  <Folder Name="/backend/tests/">
    <Project Path="backend/tests/Api.Tests/Api.Tests.csproj" />
  </Folder>
</Solution>
